// !$*UTF8*$!
{
	archiveVersion = 1;
	classes = {
	};
	objectVersion = 56;
	objects = {

/* Begin PBXBuildFile section */
		59DE46B62916C9E800B95BA1 /* AppDelegate.swift in Sources */ = {isa = PBXBuildFile; fileRef = 59DE46B52916C9E800B95BA1 /* AppDelegate.swift */; };
		59DE46B82916C9E800B95BA1 /* SceneDelegate.swift in Sources */ = {isa = PBXBuildFile; fileRef = 59DE46B72916C9E800B95BA1 /* SceneDelegate.swift */; };
		59DE46BA2916C9E800B95BA1 /* ViewController.swift in Sources */ = {isa = PBXBuildFile; fileRef = 59DE46B92916C9E800B95BA1 /* ViewController.swift */; };
		59DE46BD2916C9E800B95BA1 /* Main.storyboard in Resources */ = {isa = PBXBuildFile; fileRef = 59DE46BB2916C9E800B95BA1 /* Main.storyboard */; };
		59DE46BF2916C9EA00B95BA1 /* Assets.xcassets in Resources */ = {isa = PBXBuildFile; fileRef = 59DE46BE2916C9EA00B95BA1 /* Assets.xcassets */; };
		59DE46C22916C9EA00B95BA1 /* LaunchScreen.storyboard in Resources */ = {isa = PBXBuildFile; fileRef = 59DE46C02916C9EA00B95BA1 /* LaunchScreen.storyboard */; };
		59DE46CA2916D93100B95BA1 /* MUSIC3.mp3 in Resources */ = {isa = PBXBuildFile; fileRef = 59DE46C92916D93100B95BA1 /* MUSIC3.mp3 */; };
		59DE46CE2916D9B200B95BA1 /* AVFoundation.framework in Frameworks */ = {isa = PBXBuildFile; fileRef = 59DE46CD2916D9B100B95BA1 /* AVFoundation.framework */; };
		59DE46D02916D9B800B95BA1 /* AVKit.framework in Frameworks */ = {isa = PBXBuildFile; fileRef = 59DE46CF2916D9B700B95BA1 /* AVKit.framework */; };
		59DE46D22916E1D700B95BA1 /* zelda.mp3 in Resources */ = {isa = PBXBuildFile; fileRef = 59DE46D12916E1D700B95BA1 /* zelda.mp3 */; };
/* End PBXBuildFile section */

/* Begin PBXFileReference section */
		59DE46B22916C9E800B95BA1 /* AudioPlayer.app */ = {isa = PBXFileReference; explicitFileType = wrapper.application; includeInIndex = 0; path = AudioPlayer.app; sourceTree = BUILT_PRODUCTS_DIR; };
		59DE46B52916C9E800B95BA1 /* AppDelegate.swift */ = {isa = PBXFileReference; lastKnownFileType = sourcecode.swift; path = AppDelegate.swift; sourceTree = "<group>"; };
		59DE46B72916C9E800B95BA1 /* SceneDelegate.swift */ = {isa = PBXFileReference; lastKnownFileType = sourcecode.swift; path = SceneDelegate.swift; sourceTree = "<group>"; };
		59DE46B92916C9E800B95BA1 /* ViewController.swift */ = {isa = PBXFileReference; lastKnownFileType = sourcecode.swift; path = ViewController.swift; sourceTree = "<group>"; };
		59DE46BC2916C9E800B95BA1 /* Base */ = {isa = PBXFileReference; lastKnownFileType = file.storyboard; name = Base; path = Base.lproj/Main.storyboard; sourceTree = "<group>"; };
		59DE46BE2916C9EA00B95BA1 /* Assets.xcassets */ = {isa = PBXFileReference; lastKnownFileType = folder.assetcatalog; path = Assets.xcassets; sourceTree = "<group>"; };
		59DE46C12916C9EA00B95BA1 /* Base */ = {isa = PBXFileReference; lastKnownFileType = file.storyboard; name = Base; path = Base.lproj/LaunchScreen.storyboard; sourceTree = "<group>"; };
		59DE46C32916C9EA00B95BA1 /* Info.plist */ = {isa = PBXFileReference; lastKnownFileType = text.plist.xml; path = Info.plist; sourceTree = "<group>"; };
		59DE46C92916D93100B95BA1 /* MUSIC3.mp3 */ = {isa = PBXFileReference; lastKnownFileType = audio.mp3; path = MUSIC3.mp3; sourceTree = "<group>"; };
		59DE46CD2916D9B100B95BA1 /* AVFoundation.framework */ = {isa = PBXFileReference; lastKnownFileType = wrapper.framework; name = AVFoundation.framework; path = System/Library/Frameworks/AVFoundation.framework; sourceTree = SDKROOT; };
		59DE46CF2916D9B700B95BA1 /* AVKit.framework */ = {isa = PBXFileReference; lastKnownFileType = wrapper.framework; name = AVKit.framework; path = System/Library/Frameworks/AVKit.framework; sourceTree = SDKROOT; };
		59DE46D12916E1D700B95BA1 /* zelda.mp3 */ = {isa = PBXFileReference; lastKnownFileType = audio.mp3; path = zelda.mp3; sourceTree = "<group>"; };
/* End PBXFileReference section */

/* Begin PBXFrameworksBuildPhase section */
		59DE46AF2916C9E800B95BA1 /* Frameworks */ = {
			isa = PBXFrameworksBuildPhase;
			buildActionMask = 2147483647;
			files = (
				59DE46D02916D9B800B95BA1 /* AVKit.framework in Frameworks */,
				59DE46CE2916D9B200B95BA1 /* AVFoundation.framework in Frameworks */,
			);
			runOnlyForDeploymentPostprocessing = 0;
		};
/* End PBXFrameworksBuildPhase section */

/* Begin PBXGroup section */
		59DE46A92916C9E800B95BA1 = {
			isa = PBXGroup;
			children = (
				59DE46B42916C9E800B95BA1 /* AudioPlayer */,
				59DE46B32916C9E800B95BA1 /* Products */,
				59DE46CC2916D9B100B95BA1 /* Frameworks */,
			);
			sourceTree = "<group>";
		};
		59DE46B32916C9E800B95BA1 /* Products */ = {
			isa = PBXGroup;
			children = (
				59DE46B22916C9E800B95BA1 /* AudioPlayer.app */,
			);
			name = Products;
			sourceTree = "<group>";
		};
		59DE46B42916C9E800B95BA1 /* AudioPlayer */ = {
			isa = PBXGroup;
			children = (
				59DE46CB2916D93500B95BA1 /* audio files */,
				59DE46B52916C9E800B95BA1 /* AppDelegate.swift */,
				59DE46B72916C9E800B95BA1 /* SceneDelegate.swift */,
				59DE46B92916C9E800B95BA1 /* ViewController.swift */,
				59DE46BB2916C9E800B95BA1 /* Main.storyboard */,
				59DE46BE2916C9EA00B95BA1 /* Assets.xcassets */,
				59DE46C02916C9EA00B95BA1 /* LaunchScreen.storyboard */,
				59DE46C32916C9EA00B95BA1 /* Info.plist */,
			);
			path = AudioPlayer;
			sourceTree = "<group>";
		};
		59DE46CB2916D93500B95BA1 /* audio files */ = {
			isa = PBXGroup;
			children = (
				59DE46C92916D93100B95BA1 /* MUSIC3.mp3 */,
				59DE46D12916E1D700B95BA1 /* zelda.mp3 */,
			);
			path = "audio files";
			sourceTree = "<group>";
		};
		59DE46CC2916D9B100B95BA1 /* Frameworks */ = {
			isa = PBXGroup;
			children = (
				59DE46CF2916D9B700B95BA1 /* AVKit.framework */,
				59DE46CD2916D9B100B95BA1 /* AVFoundation.framework */,
			);
			name = Frameworks;
			sourceTree = "<group>";
		};
/* End PBXGroup section */

/* Begin PBXNativeTarget section */
		59DE46B12916C9E800B95BA1 /* AudioPlayer */ = {
			isa = PBXNativeTarget;
			buildConfigurationList = 59DE46C62916C9EA00B95BA1 /* Build configuration list for PBXNativeTarget "AudioPlayer" */;
			buildPhases = (
				59DE46AE2916C9E800B95BA1 /* Sources */,
				59DE46AF2916C9E800B95BA1 /* Frameworks */,
				59DE46B02916C9E800B95BA1 /* Resources */,
			);
			buildRules = (
			);
			dependencies = (
			);
			name = AudioPlayer;
			productName = AudioPlayer;
			productReference = 59DE46B22916C9E800B95BA1 /* AudioPlayer.app */;
			productType = "com.apple.product-type.application";
		};
/* End PBXNativeTarget section */

/* Begin PBXProject section */
		59DE46AA2916C9E800B95BA1 /* Project object */ = {
			isa = PBXProject;
			attributes = {
				BuildIndependentTargetsInParallel = 1;
				LastSwiftUpdateCheck = 1400;
				LastUpgradeCheck = 1400;
				TargetAttributes = {
					59DE46B12916C9E800B95BA1 = {
						CreatedOnToolsVersion = 14.0.1;
					};
				};
			};
			buildConfigurationList = 59DE46AD2916C9E800B95BA1 /* Build configuration list for PBXProject "AudioPlayer" */;
			compatibilityVersion = "Xcode 14.0";
			developmentRegion = en;
			hasScannedForEncodings = 0;
			knownRegions = (
				en,
				Base,
			);
			mainGroup = 59DE46A92916C9E800B95BA1;
			productRefGroup = 59DE46B32916C9E800B95BA1 /* Products */;
			projectDirPath = "";
			projectRoot = "";
			targets = (
				59DE46B12916C9E800B95BA1 /* AudioPlayer */,
			);
		};
/* End PBXProject section */

/* Begin PBXResourcesBuildPhase section */
		59DE46B02916C9E800B95BA1 /* Resources */ = {
			isa = PBXResourcesBuildPhase;
			buildActionMask = 2147483647;
			files = (
				59DE46CA2916D93100B95BA1 /* MUSIC3.mp3 in Resources */,
				59DE46C22916C9EA00B95BA1 /* LaunchScreen.storyboard in Resources */,
				59DE46BF2916C9EA00B95BA1 /* Assets.xcassets in Resources */,
				59DE46D22916E1D700B95BA1 /* zelda.mp3 in Resources */,
				59DE46BD2916C9E800B95BA1 /* Main.storyboard in Resources */,
			);
			runOnlyForDeploymentPostprocessing = 0;
		};
/* End PBXResourcesBuildPhase section */

/* Begin PBXSourcesBuildPhase section */
		59DE46AE2916C9E800B95BA1 /* Sources */ = {
			isa = PBXSourcesBuildPhase;
			buildActionMask = 2147483647;
			files = (
				59DE46BA2916C9E800B95BA1 /* ViewController.swift in Sources */,
				59DE46B62916C9E800B95BA1 /* AppDelegate.swift in Sources */,
				59DE46B82916C9E800B95BA1 /* SceneDelegate.swift in Sources */,
			);
			runOnlyForDeploymentPostprocessing = 0;
		};
/* End PBXSourcesBuildPhase section */

/* Begin PBXVariantGroup section */
		59DE46BB2916C9E800B95BA1 /* Main.storyboard */ = {
			isa = PBXVariantGroup;
			children = (
				59DE46BC2916C9E800B95BA1 /* Base */,
			);
			name = Main.storyboard;
			sourceTree = "<group>";
		};
		59DE46C02916C9EA00B95BA1 /* LaunchScreen.storyboard */ = {
			isa = PBXVariantGroup;
			children = (
				59DE46C12916C9EA00B95BA1 /* Base */,
			);
			name = LaunchScreen.storyboard;
			sourceTree = "<group>";
		};
/* End PBXVariantGroup section */

/* Begin XCBuildConfiguration section */
		59DE46C42916C9EA00B95BA1 /* Debug */ = {
			isa = XCBuildConfiguration;
			buildSettings = {
				ALWAYS_SEARCH_USER_PATHS = NO;
				CLANG_ANALYZER_NONNULL = YES;
				CLANG_ANALYZER_NUMBER_OBJECT_CONVERSION = YES_AGGRESSIVE;
				CLANG_CXX_LANGUAGE_STANDARD = "gnu++20";
				CLANG_ENABLE_MODULES = YES;
				CLANG_ENABLE_OBJC_ARC = YES;
				CLANG_ENABLE_OBJC_WEAK = YES;
				CLANG_WARN_BLOCK_CAPTURE_AUTORELEASING = YES;
				CLANG_WARN_BOOL_CONVERSION = YES;
				CLANG_WARN_COMMA = YES;
				CLANG_WARN_CONSTANT_CONVERSION = YES;
				CLANG_WARN_DEPRECATED_OBJC_IMPLEMENTATIONS = YES;
				CLANG_WARN_DIRECT_OBJC_ISA_USAGE = YES_ERROR;
				CLANG_WARN_DOCUMENTATION_COMMENTS = YES;
				CLANG_WARN_EMPTY_BODY = YES;
				CLANG_WARN_ENUM_CONVERSION = YES;
				CLANG_WARN_INFINITE_RECURSION = YES;
				CLANG_WARN_INT_CONVERSION = YES;
				CLANG_WARN_NON_LITERAL_NULL_CONVERSION = YES;
				CLANG_WARN_OBJC_IMPLICIT_RETAIN_SELF = YES;
				CLANG_WARN_OBJC_LITERAL_CONVERSION = YES;
				CLANG_WARN_OBJC_ROOT_CLASS = YES_ERROR;
				CLANG_WARN_QUOTED_INCLUDE_IN_FRAMEWORK_HEADER = YES;
				CLANG_WARN_RANGE_LOOP_ANALYSIS = YES;
				CLANG_WARN_STRICT_PROTOTYPES = YES;
				CLANG_WARN_SUSPICIOUS_MOVE = YES;
				CLANG_WARN_UNGUARDED_AVAILABILITY = YES_AGGRESSIVE;
				CLANG_WARN_UNREACHABLE_CODE = YES;
				CLANG_WARN__DUPLICATE_METHOD_MATCH = YES;
				COPY_PHASE_STRIP = NO;
				DEBUG_INFORMATION_FORMAT = dwarf;
				ENABLE_STRICT_OBJC_MSGSEND = YES;
				ENABLE_TESTABILITY = YES;
				GCC_C_LANGUAGE_STANDARD = gnu11;
				GCC_DYNAMIC_NO_PIC = NO;
				GCC_NO_COMMON_BLOCKS = YES;
				GCC_OPTIMIZATION_LEVEL = 0;
				GCC_PREPROCESSOR_DEFINITIONS = (
					"DEBUG=1",
					"$(inherited)",
				);
				GCC_WARN_64_TO_32_BIT_CONVERSION = YES;
				GCC_WARN_ABOUT_RETURN_TYPE = YES_ERROR;
				GCC_WARN_UNDECLARED_SELECTOR = YES;
				GCC_WARN_UNINITIALIZED_AUTOS = YES_AGGRESSIVE;
				GCC_WARN_UNUSED_FUNCTION = YES;
				GCC_WARN_UNUSED_VARIABLE = YES;
				IPHONEOS_DEPLOYMENT_TARGET = 16.0;
				MTL_ENABLE_DEBUG_INFO = INCLUDE_SOURCE;
				MTL_FAST_MATH = YES;
				ONLY_ACTIVE_ARCH = YES;
				SDKROOT = iphoneos;
				SWIFT_ACTIVE_COMPILATION_CONDITIONS = DEBUG;
				SWIFT_OPTIMIZATION_LEVEL = "-Onone";
			};
			name = Debug;
		};
		59DE46C52916C9EA00B95BA1 /* Release */ = {
			isa = XCBuildConfiguration;
			buildSettings = {
				ALWAYS_SEARCH_USER_PATHS = NO;
				CLANG_ANALYZER_NONNULL = YES;
				CLANG_ANALYZER_NUMBER_OBJECT_CONVERSION = YES_AGGRESSIVE;
				CLANG_CXX_LANGUAGE_STANDARD = "gnu++20";
				CLANG_ENABLE_MODULES = YES;
				CLANG_ENABLE_OBJC_ARC = YES;
				CLANG_ENABLE_OBJC_WEAK = YES;
				CLANG_WARN_BLOCK_CAPTURE_AUTORELEASING = YES;
				CLANG_WARN_BOOL_CONVERSION = YES;
				CLANG_WARN_COMMA = YES;
				CLANG_WARN_CONSTANT_CONVERSION = YES;
				CLANG_WARN_DEPRECATED_OBJC_IMPLEMENTATIONS = YES;
				CLANG_WARN_DIRECT_OBJC_ISA_USAGE = YES_ERROR;
				CLANG_WARN_DOCUMENTATION_COMMENTS = YES;
				CLANG_WARN_EMPTY_BODY = YES;
				CLANG_WARN_ENUM_CONVERSION = YES;
				CLANG_WARN_INFINITE_RECURSION = YES;
				CLANG_WARN_INT_CONVERSION = YES;
				CLANG_WARN_NON_LITERAL_NULL_CONVERSION = YES;
				CLANG_WARN_OBJC_IMPLICIT_RETAIN_SELF = YES;
				CLANG_WARN_OBJC_LITERAL_CONVERSION = YES;
				CLANG_WARN_OBJC_ROOT_CLASS = YES_ERROR;
				CLANG_WARN_QUOTED_INCLUDE_IN_FRAMEWORK_HEADER = YES;
				CLANG_WARN_RANGE_LOOP_ANALYSIS = YES;
				CLANG_WARN_STRICT_PROTOTYPES = YES;
				CLANG_WARN_SUSPICIOUS_MOVE = YES;
				CLANG_WARN_UNGUARDED_AVAILABILITY = YES_AGGRESSIVE;
				CLANG_WARN_UNREACHABLE_CODE = YES;
				CLANG_WARN__DUPLICATE_METHOD_MATCH = YES;
				COPY_PHASE_STRIP = NO;
				DEBUG_INFORMATION_FORMAT = "dwarf-with-dsym";
				ENABLE_NS_ASSERTIONS = NO;
				ENABLE_STRICT_OBJC_MSGSEND = YES;
				GCC_C_LANGUAGE_STANDARD = gnu11;
				GCC_NO_COMMON_BLOCKS = YES;
				GCC_WARN_64_TO_32_BIT_CONVERSION = YES;
				GCC_WARN_ABOUT_RETURN_TYPE = YES_ERROR;
				GCC_WARN_UNDECLARED_SELECTOR = YES;
				GCC_WARN_UNINITIALIZED_AUTOS = YES_AGGRESSIVE;
				GCC_WARN_UNUSED_FUNCTION = YES;
				GCC_WARN_UNUSED_VARIABLE = YES;
				IPHONEOS_DEPLOYMENT_TARGET = 16.0;
				MTL_ENABLE_DEBUG_INFO = NO;
				MTL_FAST_MATH = YES;
				SDKROOT = iphoneos;
				SWIFT_COMPILATION_MODE = wholemodule;
				SWIFT_OPTIMIZATION_LEVEL = "-O";
				VALIDATE_PRODUCT = YES;
			};
			name = Release;
		};
		59DE46C72916C9EA00B95BA1 /* Debug */ = {
			isa = XCBuildConfiguration;
			buildSettings = {
				ASSETCATALOG_COMPILER_APPICON_NAME = AppIcon;
				ASSETCATALOG_COMPILER_GLOBAL_ACCENT_COLOR_NAME = AccentColor;
				CODE_SIGN_STYLE = Automatic;
				CURRENT_PROJECT_VERSION = 1;
				DEVELOPMENT_TEAM = XF3NTJ7MA3;
				GENERATE_INFOPLIST_FILE = YES;
				INFOPLIST_FILE = AudioPlayer/Info.plist;
				INFOPLIST_KEY_UIApplicationSupportsIndirectInputEvents = YES;
				INFOPLIST_KEY_UILaunchStoryboardName = LaunchScreen;
				INFOPLIST_KEY_UIMainStoryboardFile = Main;
				INFOPLIST_KEY_UISupportedInterfaceOrientations_iPad = "UIInterfaceOrientationPortrait UIInterfaceOrientationPortraitUpsideDown UIInterfaceOrientationLandscapeLeft UIInterfaceOrientationLandscapeRight";
				INFOPLIST_KEY_UISupportedInterfaceOrientations_iPhone = "UIInterfaceOrientationPortrait UIInterfaceOrientationLandscapeLeft UIInterfaceOrientationLandscapeRight";
				LD_RUNPATH_SEARCH_PATHS = (
					"$(inherited)",
					"@executable_path/Frameworks",
				);
				MARKETING_VERSION = 1.0;
				PRODUCT_BUNDLE_IDENTIFIER = com.TulioC.AudioPlayer;
				PRODUCT_NAME = "$(TARGET_NAME)";
				SWIFT_EMIT_LOC_STRINGS = YES;
				SWIFT_VERSION = 5.0;
				TARGETED_DEVICE_FAMILY = "1,2";
			};
			name = Debug;
		};
		59DE46C82916C9EA00B95BA1 /* Release */ = {
			isa = XCBuildConfiguration;
			buildSettings = {
				ASSETCATALOG_COMPILER_APPICON_NAME = AppIcon;
				ASSETCATALOG_COMPILER_GLOBAL_ACCENT_COLOR_NAME = AccentColor;
				CODE_SIGN_STYLE = Automatic;
				CURRENT_PROJECT_VERSION = 1;
				DEVELOPMENT_TEAM = XF3NTJ7MA3;
				GENERATE_INFOPLIST_FILE = YES;
				INFOPLIST_FILE = AudioPlayer/Info.plist;
				INFOPLIST_KEY_UIApplicationSupportsIndirectInputEvents = YES;
				INFOPLIST_KEY_UILaunchStoryboardName = LaunchScreen;
				INFOPLIST_KEY_UIMainStoryboardFile = Main;
				INFOPLIST_KEY_UISupportedInterfaceOrientations_iPad = "UIInterfaceOrientationPortrait UIInterfaceOrientationPortraitUpsideDown UIInterfaceOrientationLandscapeLeft UIInterfaceOrientationLandscapeRight";
				INFOPLIST_KEY_UISupportedInterfaceOrientations_iPhone = "UIInterfaceOrientationPortrait UIInterfaceOrientationLandscapeLeft UIInterfaceOrientationLandscapeRight";
				LD_RUNPATH_SEARCH_PATHS = (
					"$(inherited)",
					"@executable_path/Frameworks",
				);
				MARKETING_VERSION = 1.0;
				PRODUCT_BUNDLE_IDENTIFIER = com.TulioC.AudioPlayer;
				PRODUCT_NAME = "$(TARGET_NAME)";
				SWIFT_EMIT_LOC_STRINGS = YES;
				SWIFT_VERSION = 5.0;
				TARGETED_DEVICE_FAMILY = "1,2";
			};
			name = Release;
		};
/* End XCBuildConfiguration section */

/* Begin XCConfigurationList section */
		59DE46AD2916C9E800B95BA1 /* Build configuration list for PBXProject "AudioPlayer" */ = {
			isa = XCConfigurationList;
			buildConfigurations = (
				59DE46C42916C9EA00B95BA1 /* Debug */,
				59DE46C52916C9EA00B95BA1 /* Release */,
			);
			defaultConfigurationIsVisible = 0;
			defaultConfigurationName = Release;
		};
		59DE46C62916C9EA00B95BA1 /* Build configuration list for PBXNativeTarget "AudioPlayer" */ = {
			isa = XCConfigurationList;
			buildConfigurations = (
				59DE46C72916C9EA00B95BA1 /* Debug */,
				59DE46C82916C9EA00B95BA1 /* Release */,
			);
			defaultConfigurationIsVisible = 0;
			defaultConfigurationName = Release;
		};
/* End XCConfigurationList section */
	};
	rootObject = 59DE46AA2916C9E800B95BA1 /* Project object */;
}
